
Microsoft Visual Studio Solution File, Format Version 12.00
# Visual Studio Version 17
VisualStudioVersion = 17.5.002.0
MinimumVisualStudioVersion = 10.0.40219.1
Project("{2150E333-8FDC-42A3-9474-1A3956D46DE8}") = "csharp-prep", "csharp-prep", "{B1C46FCC-4E26-458E-97A3-96A1B666BCD7}"
EndProject
Project("{9A19103F-16F7-4668-BE54-9A1E7A4F7556}") = "Prep1", "csharp-prep\Prep1\Prep1.csproj", "{847A0012-010C-4958-A157-BA47B518827C}"
EndProject
Project("{9A19103F-16F7-4668-BE54-9A1E7A4F7556}") = "Prep2", "csharp-prep\Prep2\Prep2.csproj", "{7C16CAC9-B6A3-4BF2-8F31-2347D5862103}"
EndProject
Project("{9A19103F-16F7-4668-BE54-9A1E7A4F7556}") = "Prep3", "csharp-prep\Prep3\Prep3.csproj", "{07AE17F7-A4CF-4CA0-9C53-3EEB407B947D}"
EndProject
Project("{9A19103F-16F7-4668-BE54-9A1E7A4F7556}") = "Prep4", "csharp-prep\Prep4\Prep4.csproj", "{AA38B34C-E2B6-420A-90B9-99C49A74ADA9}"
EndProject
Project("{9A19103F-16F7-4668-BE54-9A1E7A4F7556}") = "Prep5", "csharp-prep\Prep5\Prep5.csproj", "{0B660CE2-4B0F-4BE2-8670-117D171B43F8}"
EndProject
Project("{2150E333-8FDC-42A3-9474-1A3956D46DE8}") = "final", "final", "{DFCA14E8-7248-497A-B5E0-2EDBD0F1CBFC}"
EndProject
Project("{9A19103F-16F7-4668-BE54-9A1E7A4F7556}") = "FinalProject", "final\FinalProject\FinalProject.csproj", "{D3EEDD0B-3069-4F94-AFDF-9EB5E1BDB0B6}"
EndProject
Project("{9A19103F-16F7-4668-BE54-9A1E7A4F7556}") = "Foundation1", "final\Foundation1\Foundation1.csproj", "{59FF5FA0-2AAC-468F-AE45-4BDE4DCE577C}"
EndProject
Project("{9A19103F-16F7-4668-BE54-9A1E7A4F7556}") = "Foundation2", "final\Foundation2\Foundation2.csproj", "{B2496926-9C73-4828-99B7-F60803A21287}"
EndProject
Project("{9A19103F-16F7-4668-BE54-9A1E7A4F7556}") = "Foundation3", "final\Foundation3\Foundation3.csproj", "{ECDEF3B1-A397-402E-9DCE-4D6967A920FA}"
EndProject
Project("{9A19103F-16F7-4668-BE54-9A1E7A4F7556}") = "Foundation4", "final\Foundation4\Foundation4.csproj", "{629F40D5-5840-4E10-B0B4-42B53F5ECD6A}"
EndProject
Project("{2150E333-8FDC-42A3-9474-1A3956D46DE8}") = "prepare", "prepare", "{DB26C0ED-AA0B-4EFC-8139-8607853AAA3D}"
EndProject
Project("{9A19103F-16F7-4668-BE54-9A1E7A4F7556}") = "Learning02", "prepare\Learning02\Learning02.csproj", "{D840A988-C4CB-48D9-BCFE-29BFF728A08A}"
EndProject
Project("{9A19103F-16F7-4668-BE54-9A1E7A4F7556}") = "Learning03", "prepare\Learning03\Learning03.csproj", "{AA8579C7-8611-4E73-9DC2-A3A7E01B3DF7}"
EndProject
Project("{9A19103F-16F7-4668-BE54-9A1E7A4F7556}") = "Learning04", "prepare\Learning04\Learning04.csproj", "{5DC128E0-0489-4154-9179-94364B7484AD}"
EndProject
Project("{9A19103F-16F7-4668-BE54-9A1E7A4F7556}") = "Learning05", "prepare\Learning05\Learning05.csproj", "{CCEAF128-EEBD-46C8-84B4-7EE71B9BB154}"
EndProject
Project("{2150E333-8FDC-42A3-9474-1A3956D46DE8}") = "prove", "prove", "{8F89A108-D349-4C67-A8E3-55598763A3DD}"
EndProject
Project("{9A19103F-16F7-4668-BE54-9A1E7A4F7556}") = "Develop02", "prove\Develop02\Develop02.csproj", "{981C1484-66FF-4DED-BAA4-B90964517482}"
EndProject
Project("{9A19103F-16F7-4668-BE54-9A1E7A4F7556}") = "Develop03", "prove\Develop03\Develop03.csproj", "{23891E9E-F8F0-41E2-9BB7-5673346B10D1}"
EndProject
Project("{9A19103F-16F7-4668-BE54-9A1E7A4F7556}") = "Develop04", "prove\Develop04\Develop04.csproj", "{F10ED0EC-7ABD-4A39-A11F-2F2164F97BDB}"
EndProject
Project("{9A19103F-16F7-4668-BE54-9A1E7A4F7556}") = "Develop05", "prove\Develop05\Develop05.csproj", "{937EC73F-9360-4461-95A4-819CF4EFAA86}"
EndProject
Project("{2150E333-8FDC-42A3-9474-1A3956D46DE8}") = "sandbox", "sandbox", "{91DEEA88-26BB-46C2-84B9-51C7DED9B2B4}"
EndProject
Project("{9A19103F-16F7-4668-BE54-9A1E7A4F7556}") = "Sandbox", "sandbox\Sandbox\Sandbox.csproj", "{6148A1D2-A3FF-49B9-A4FD-1DF8C5C9EE13}"
EndProject
Global
	GlobalSection(SolutionConfigurationPlatforms) = preSolution
		Debug|Any CPU = Debug|Any CPU
		Release|Any CPU = Release|Any CPU
	EndGlobalSection
	GlobalSection(ProjectConfigurationPlatforms) = postSolution
		{847A0012-010C-4958-A157-BA47B518827C}.Debug|Any CPU.ActiveCfg = Debug|Any CPU
		{847A0012-010C-4958-A157-BA47B518827C}.Debug|Any CPU.Build.0 = Debug|Any CPU
		{847A0012-010C-4958-A157-BA47B518827C}.Release|Any CPU.ActiveCfg = Release|Any CPU
		{847A0012-010C-4958-A157-BA47B518827C}.Release|Any CPU.Build.0 = Release|Any CPU
		{7C16CAC9-B6A3-4BF2-8F31-2347D5862103}.Debug|Any CPU.ActiveCfg = Debug|Any CPU
		{7C16CAC9-B6A3-4BF2-8F31-2347D5862103}.Debug|Any CPU.Build.0 = Debug|Any CPU
		{7C16CAC9-B6A3-4BF2-8F31-2347D5862103}.Release|Any CPU.ActiveCfg = Release|Any CPU
		{7C16CAC9-B6A3-4BF2-8F31-2347D5862103}.Release|Any CPU.Build.0 = Release|Any CPU
		{07AE17F7-A4CF-4CA0-9C53-3EEB407B947D}.Debug|Any CPU.ActiveCfg = Debug|Any CPU
		{07AE17F7-A4CF-4CA0-9C53-3EEB407B947D}.Debug|Any CPU.Build.0 = Debug|Any CPU
		{07AE17F7-A4CF-4CA0-9C53-3EEB407B947D}.Release|Any CPU.ActiveCfg = Release|Any CPU
		{07AE17F7-A4CF-4CA0-9C53-3EEB407B947D}.Release|Any CPU.Build.0 = Release|Any CPU
		{AA38B34C-E2B6-420A-90B9-99C49A74ADA9}.Debug|Any CPU.ActiveCfg = Debug|Any CPU
		{AA38B34C-E2B6-420A-90B9-99C49A74ADA9}.Debug|Any CPU.Build.0 = Debug|Any CPU
		{AA38B34C-E2B6-420A-90B9-99C49A74ADA9}.Release|Any CPU.ActiveCfg = Release|Any CPU
		{AA38B34C-E2B6-420A-90B9-99C49A74ADA9}.Release|Any CPU.Build.0 = Release|Any CPU
		{0B660CE2-4B0F-4BE2-8670-117D171B43F8}.Debug|Any CPU.ActiveCfg = Debug|Any CPU
		{0B660CE2-4B0F-4BE2-8670-117D171B43F8}.Debug|Any CPU.Build.0 = Debug|Any CPU
		{0B660CE2-4B0F-4BE2-8670-117D171B43F8}.Release|Any CPU.ActiveCfg = Release|Any CPU
		{0B660CE2-4B0F-4BE2-8670-117D171B43F8}.Release|Any CPU.Build.0 = Release|Any CPU
		{D3EEDD0B-3069-4F94-AFDF-9EB5E1BDB0B6}.Debug|Any CPU.ActiveCfg = Debug|Any CPU
		{D3EEDD0B-3069-4F94-AFDF-9EB5E1BDB0B6}.Debug|Any CPU.Build.0 = Debug|Any CPU
		{D3EEDD0B-3069-4F94-AFDF-9EB5E1BDB0B6}.Release|Any CPU.ActiveCfg = Release|Any CPU
		{D3EEDD0B-3069-4F94-AFDF-9EB5E1BDB0B6}.Release|Any CPU.Build.0 = Release|Any CPU
		{59FF5FA0-2AAC-468F-AE45-4BDE4DCE577C}.Debug|Any CPU.ActiveCfg = Debug|Any CPU
		{59FF5FA0-2AAC-468F-AE45-4BDE4DCE577C}.Debug|Any CPU.Build.0 = Debug|Any CPU
		{59FF5FA0-2AAC-468F-AE45-4BDE4DCE577C}.Release|Any CPU.ActiveCfg = Release|Any CPU
		{59FF5FA0-2AAC-468F-AE45-4BDE4DCE577C}.Release|Any CPU.Build.0 = Release|Any CPU
		{B2496926-9C73-4828-99B7-F60803A21287}.Debug|Any CPU.ActiveCfg = Debug|Any CPU
		{B2496926-9C73-4828-99B7-F60803A21287}.Debug|Any CPU.Build.0 = Debug|Any CPU
		{B2496926-9C73-4828-99B7-F60803A21287}.Release|Any CPU.ActiveCfg = Release|Any CPU
		{B2496926-9C73-4828-99B7-F60803A21287}.Release|Any CPU.Build.0 = Release|Any CPU
		{ECDEF3B1-A397-402E-9DCE-4D6967A920FA}.Debug|Any CPU.ActiveCfg = Debug|Any CPU
		{ECDEF3B1-A397-402E-9DCE-4D6967A920FA}.Debug|Any CPU.Build.0 = Debug|Any CPU
		{ECDEF3B1-A397-402E-9DCE-4D6967A920FA}.Release|Any CPU.ActiveCfg = Release|Any CPU
		{ECDEF3B1-A397-402E-9DCE-4D6967A920FA}.Release|Any CPU.Build.0 = Release|Any CPU
		{629F40D5-5840-4E10-B0B4-42B53F5ECD6A}.Debug|Any CPU.ActiveCfg = Debug|Any CPU
		{629F40D5-5840-4E10-B0B4-42B53F5ECD6A}.Debug|Any CPU.Build.0 = Debug|Any CPU
		{629F40D5-5840-4E10-B0B4-42B53F5ECD6A}.Release|Any CPU.ActiveCfg = Release|Any CPU
		{629F40D5-5840-4E10-B0B4-42B53F5ECD6A}.Release|Any CPU.Build.0 = Release|Any CPU
		{D840A988-C4CB-48D9-BCFE-29BFF728A08A}.Debug|Any CPU.ActiveCfg = Debug|Any CPU
		{D840A988-C4CB-48D9-BCFE-29BFF728A08A}.Debug|Any CPU.Build.0 = Debug|Any CPU
		{D840A988-C4CB-48D9-BCFE-29BFF728A08A}.Release|Any CPU.ActiveCfg = Release|Any CPU
		{D840A988-C4CB-48D9-BCFE-29BFF728A08A}.Release|Any CPU.Build.0 = Release|Any CPU
		{AA8579C7-8611-4E73-9DC2-A3A7E01B3DF7}.Debug|Any CPU.ActiveCfg = Debug|Any CPU
		{AA8579C7-8611-4E73-9DC2-A3A7E01B3DF7}.Debug|Any CPU.Build.0 = Debug|Any CPU
		{AA8579C7-8611-4E73-9DC2-A3A7E01B3DF7}.Release|Any CPU.ActiveCfg = Release|Any CPU
		{AA8579C7-8611-4E73-9DC2-A3A7E01B3DF7}.Release|Any CPU.Build.0 = Release|Any CPU
		{5DC128E0-0489-4154-9179-94364B7484AD}.Debug|Any CPU.ActiveCfg = Debug|Any CPU
		{5DC128E0-0489-4154-9179-94364B7484AD}.Debug|Any CPU.Build.0 = Debug|Any CPU
		{5DC128E0-0489-4154-9179-94364B7484AD}.Release|Any CPU.ActiveCfg = Release|Any CPU
		{5DC128E0-0489-4154-9179-94364B7484AD}.Release|Any CPU.Build.0 = Release|Any CPU
		{CCEAF128-EEBD-46C8-84B4-7EE71B9BB154}.Debug|Any CPU.ActiveCfg = Debug|Any CPU
		{CCEAF128-EEBD-46C8-84B4-7EE71B9BB154}.Debug|Any CPU.Build.0 = Debug|Any CPU
		{CCEAF128-EEBD-46C8-84B4-7EE71B9BB154}.Release|Any CPU.ActiveCfg = Release|Any CPU
		{CCEAF128-EEBD-46C8-84B4-7EE71B9BB154}.Release|Any CPU.Build.0 = Release|Any CPU
		{981C1484-66FF-4DED-BAA4-B90964517482}.Debug|Any CPU.ActiveCfg = Debug|Any CPU
		{981C1484-66FF-4DED-BAA4-B90964517482}.Debug|Any CPU.Build.0 = Debug|Any CPU
		{981C1484-66FF-4DED-BAA4-B90964517482}.Release|Any CPU.ActiveCfg = Release|Any CPU
		{981C1484-66FF-4DED-BAA4-B90964517482}.Release|Any CPU.Build.0 = Release|Any CPU
		{23891E9E-F8F0-41E2-9BB7-5673346B10D1}.Debug|Any CPU.ActiveCfg = Debug|Any CPU
		{23891E9E-F8F0-41E2-9BB7-5673346B10D1}.Debug|Any CPU.Build.0 = Debug|Any CPU
		{23891E9E-F8F0-41E2-9BB7-5673346B10D1}.Release|Any CPU.ActiveCfg = Release|Any CPU
		{23891E9E-F8F0-41E2-9BB7-5673346B10D1}.Release|Any CPU.Build.0 = Release|Any CPU
		{F10ED0EC-7ABD-4A39-A11F-2F2164F97BDB}.Debug|Any CPU.ActiveCfg = Debug|Any CPU
		{F10ED0EC-7ABD-4A39-A11F-2F2164F97BDB}.Debug|Any CPU.Build.0 = Debug|Any CPU
		{F10ED0EC-7ABD-4A39-A11F-2F2164F97BDB}.Release|Any CPU.ActiveCfg = Release|Any CPU
		{F10ED0EC-7ABD-4A39-A11F-2F2164F97BDB}.Release|Any CPU.Build.0 = Release|Any CPU
		{937EC73F-9360-4461-95A4-819CF4EFAA86}.Debug|Any CPU.ActiveCfg = Debug|Any CPU
		{937EC73F-9360-4461-95A4-819CF4EFAA86}.Debug|Any CPU.Build.0 = Debug|Any CPU
		{937EC73F-9360-4461-95A4-819CF4EFAA86}.Release|Any CPU.ActiveCfg = Release|Any CPU
		{937EC73F-9360-4461-95A4-819CF4EFAA86}.Release|Any CPU.Build.0 = Release|Any CPU
		{6148A1D2-A3FF-49B9-A4FD-1DF8C5C9EE13}.Debug|Any CPU.ActiveCfg = Debug|Any CPU
		{6148A1D2-A3FF-49B9-A4FD-1DF8C5C9EE13}.Debug|Any CPU.Build.0 = Debug|Any CPU
		{6148A1D2-A3FF-49B9-A4FD-1DF8C5C9EE13}.Release|Any CPU.ActiveCfg = Release|Any CPU
		{6148A1D2-A3FF-49B9-A4FD-1DF8C5C9EE13}.Release|Any CPU.Build.0 = Release|Any CPU
	EndGlobalSection
	GlobalSection(SolutionProperties) = preSolution
		HideSolutionNode = FALSE
	EndGlobalSection
	GlobalSection(NestedProjects) = preSolution
		{847A0012-010C-4958-A157-BA47B518827C} = {B1C46FCC-4E26-458E-97A3-96A1B666BCD7}
		{7C16CAC9-B6A3-4BF2-8F31-2347D5862103} = {B1C46FCC-4E26-458E-97A3-96A1B666BCD7}
		{07AE17F7-A4CF-4CA0-9C53-3EEB407B947D} = {B1C46FCC-4E26-458E-97A3-96A1B666BCD7}
		{AA38B34C-E2B6-420A-90B9-99C49A74ADA9} = {B1C46FCC-4E26-458E-97A3-96A1B666BCD7}
		{0B660CE2-4B0F-4BE2-8670-117D171B43F8} = {B1C46FCC-4E26-458E-97A3-96A1B666BCD7}
		{D3EEDD0B-3069-4F94-AFDF-9EB5E1BDB0B6} = {DFCA14E8-7248-497A-B5E0-2EDBD0F1CBFC}
		{59FF5FA0-2AAC-468F-AE45-4BDE4DCE577C} = {DFCA14E8-7248-497A-B5E0-2EDBD0F1CBFC}
		{B2496926-9C73-4828-99B7-F60803A21287} = {DFCA14E8-7248-497A-B5E0-2EDBD0F1CBFC}
		{ECDEF3B1-A397-402E-9DCE-4D6967A920FA} = {DFCA14E8-7248-497A-B5E0-2EDBD0F1CBFC}
		{629F40D5-5840-4E10-B0B4-42B53F5ECD6A} = {DFCA14E8-7248-497A-B5E0-2EDBD0F1CBFC}
		{D840A988-C4CB-48D9-BCFE-29BFF728A08A} = {DB26C0ED-AA0B-4EFC-8139-8607853AAA3D}
		{AA8579C7-8611-4E73-9DC2-A3A7E01B3DF7} = {DB26C0ED-AA0B-4EFC-8139-8607853AAA3D}
		{5DC128E0-0489-4154-9179-94364B7484AD} = {DB26C0ED-AA0B-4EFC-8139-8607853AAA3D}
		{CCEAF128-EEBD-46C8-84B4-7EE71B9BB154} = {DB26C0ED-AA0B-4EFC-8139-8607853AAA3D}
		{981C1484-66FF-4DED-BAA4-B90964517482} = {8F89A108-D349-4C67-A8E3-55598763A3DD}
		{23891E9E-F8F0-41E2-9BB7-5673346B10D1} = {8F89A108-D349-4C67-A8E3-55598763A3DD}
		{F10ED0EC-7ABD-4A39-A11F-2F2164F97BDB} = {8F89A108-D349-4C67-A8E3-55598763A3DD}
		{937EC73F-9360-4461-95A4-819CF4EFAA86} = {8F89A108-D349-4C67-A8E3-55598763A3DD}
		{6148A1D2-A3FF-49B9-A4FD-1DF8C5C9EE13} = {91DEEA88-26BB-46C2-84B9-51C7DED9B2B4}
	EndGlobalSection
	GlobalSection(ExtensibilityGlobals) = postSolution
		SolutionGuid = {85A001FC-7D0F-4D5C-8925-024DD6AA052A}
	EndGlobalSection
EndGlobal
